
Microsoft Visual Studio Solution File, Format Version 12.00
# Visual Studio Version 17
VisualStudioVersion = 17.11.35222.181
MinimumVisualStudioVersion = 10.0.40219.1
Project("{FAE04EC0-301F-11D3-BF4B-00C04F79EFBC}") = "Kodlamaio.API", "Kodlamaio.API\Kodlamaio.API.csproj", "{4517C849-2185-486F-9A2B-455340E23B40}"
EndProject
Project("{FAE04EC0-301F-11D3-BF4B-00C04F79EFBC}") = "Kodlamaio.DAL", "Kodlamaio.DAL\Kodlamaio.DAL.csproj", "{5FF08987-068E-4DBC-9301-B498AFCA40A7}"
EndProject
Project("{FAE04EC0-301F-11D3-BF4B-00C04F79EFBC}") = "Kodlamaio.BLL", "Kodlamaio.BLL\Kodlamaio.BLL.csproj", "{AE71AA84-594E-4DA9-8F50-37C7F36FA369}"
EndProject
Project("{FAE04EC0-301F-11D3-BF4B-00C04F79EFBC}") = "Kodlamaio.DTO", "Kodlamaio.DTO\Kodlamaio.DTO.csproj", "{7232295A-DEC0-4C17-BB00-A43DEEE5FD6C}"
EndProject
Project("{FAE04EC0-301F-11D3-BF4B-00C04F79EFBC}") = "Kodlamaio.Entity", "Kodlamaio.Entity\Kodlamaio.Entity.csproj", "{DCAD4BD8-82C0-4BCA-8B4C-38F44F0FE373}"
EndProject
Project("{FAE04EC0-301F-11D3-BF4B-00C04F79EFBC}") = "Kodlamaio.WebUI", "Kodlamaio.WebUI\Kodlamaio.WebUI.csproj", "{75B291D4-2A39-4813-979C-C67E0BE3FBD1}"
EndProject
Global
	GlobalSection(SolutionConfigurationPlatforms) = preSolution
		Debug|Any CPU = Debug|Any CPU
		Release|Any CPU = Release|Any CPU
	EndGlobalSection
	GlobalSection(ProjectConfigurationPlatforms) = postSolution
		{4517C849-2185-486F-9A2B-455340E23B40}.Debug|Any CPU.ActiveCfg = Debug|Any CPU
		{4517C849-2185-486F-9A2B-455340E23B40}.Debug|Any CPU.Build.0 = Debug|Any CPU
		{4517C849-2185-486F-9A2B-455340E23B40}.Release|Any CPU.ActiveCfg = Release|Any CPU
		{4517C849-2185-486F-9A2B-455340E23B40}.Release|Any CPU.Build.0 = Release|Any CPU
		{5FF08987-068E-4DBC-9301-B498AFCA40A7}.Debug|Any CPU.ActiveCfg = Debug|Any CPU
		{5FF08987-068E-4DBC-9301-B498AFCA40A7}.Debug|Any CPU.Build.0 = Debug|Any CPU
		{5FF08987-068E-4DBC-9301-B498AFCA40A7}.Release|Any CPU.ActiveCfg = Release|Any CPU
		{5FF08987-068E-4DBC-9301-B498AFCA40A7}.Release|Any CPU.Build.0 = Release|Any CPU
		{AE71AA84-594E-4DA9-8F50-37C7F36FA369}.Debug|Any CPU.ActiveCfg = Debug|Any CPU
		{AE71AA84-594E-4DA9-8F50-37C7F36FA369}.Debug|Any CPU.Build.0 = Debug|Any CPU
		{AE71AA84-594E-4DA9-8F50-37C7F36FA369}.Release|Any CPU.ActiveCfg = Release|Any CPU
		{AE71AA84-594E-4DA9-8F50-37C7F36FA369}.Release|Any CPU.Build.0 = Release|Any CPU
		{7232295A-DEC0-4C17-BB00-A43DEEE5FD6C}.Debug|Any CPU.ActiveCfg = Debug|Any CPU
		{7232295A-DEC0-4C17-BB00-A43DEEE5FD6C}.Debug|Any CPU.Build.0 = Debug|Any CPU
		{7232295A-DEC0-4C17-BB00-A43DEEE5FD6C}.Release|Any CPU.ActiveCfg = Release|Any CPU
		{7232295A-DEC0-4C17-BB00-A43DEEE5FD6C}.Release|Any CPU.Build.0 = Release|Any CPU
		{DCAD4BD8-82C0-4BCA-8B4C-38F44F0FE373}.Debug|Any CPU.ActiveCfg = Debug|Any CPU
		{DCAD4BD8-82C0-4BCA-8B4C-38F44F0FE373}.Debug|Any CPU.Build.0 = Debug|Any CPU
		{DCAD4BD8-82C0-4BCA-8B4C-38F44F0FE373}.Release|Any CPU.ActiveCfg = Release|Any CPU
		{DCAD4BD8-82C0-4BCA-8B4C-38F44F0FE373}.Release|Any CPU.Build.0 = Release|Any CPU
		{75B291D4-2A39-4813-979C-C67E0BE3FBD1}.Debug|Any CPU.ActiveCfg = Debug|Any CPU
		{75B291D4-2A39-4813-979C-C67E0BE3FBD1}.Debug|Any CPU.Build.0 = Debug|Any CPU
		{75B291D4-2A39-4813-979C-C67E0BE3FBD1}.Release|Any CPU.ActiveCfg = Release|Any CPU
		{75B291D4-2A39-4813-979C-C67E0BE3FBD1}.Release|Any CPU.Build.0 = Release|Any CPU
	EndGlobalSection
	GlobalSection(SolutionProperties) = preSolution
		HideSolutionNode = FALSE
	EndGlobalSection
	GlobalSection(ExtensibilityGlobals) = postSolution
		SolutionGuid = {70A00444-73A6-472A-A321-7CC557E559B7}
	EndGlobalSection
EndGlobal
